// !$*UTF8*$!
{
	archiveVersion = 1;
	classes = {
	};
	objectVersion = 46;
	objects = {

/* Begin PBXBuildFile section */
		363EB78714B15EA6008351B7 /* Foundation.framework in Frameworks */ = {isa = PBXBuildFile; fileRef = 363EB78614B15EA6008351B7 /* Foundation.framework */; };
		363EB78A14B15EA6008351B7 /* main.m in Sources */ = {isa = PBXBuildFile; fileRef = 363EB78914B15EA6008351B7 /* main.m */; };
		363EB78E14B15EA6008351B7 /* MyRect.1 in CopyFiles */ = {isa = PBXBuildFile; fileRef = 363EB78D14B15EA6008351B7 /* MyRect.1 */; };
		363EB79614B15ED3008351B7 /* MyRect.m in Sources */ = {isa = PBXBuildFile; fileRef = 363EB79514B15ED3008351B7 /* MyRect.m */; };
/* End PBXBuildFile section */

/* Begin PBXCopyFilesBuildPhase section */
		363EB78014B15EA6008351B7 /* CopyFiles */ = {
			isa = PBXCopyFilesBuildPhase;
			buildActionMask = 2147483647;
			dstPath = /usr/share/man/man1/;
			dstSubfolderSpec = 0;
			files = (
				363EB78E14B15EA6008351B7 /* MyRect.1 in CopyFiles */,
			);
			runOnlyForDeploymentPostprocessing = 1;
		};
/* End PBXCopyFilesBuildPhase section */

/* Begin PBXFileReference section */
		363EB78214B15EA6008351B7 /* MyRect */ = {isa = PBXFileReference; explicitFileType = "compiled.mach-o.executable"; includeInIndex = 0; path = MyRect; sourceTree = BUILT_PRODUCTS_DIR; };
		363EB78614B15EA6008351B7 /* Foundation.framework */ = {isa = PBXFileReference; lastKnownFileType = wrapper.framework; name = Foundation.framework; path = System/Library/Frameworks/Foundation.framework; sourceTree = SDKROOT; };
		363EB78914B15EA6008351B7 /* main.m */ = {isa = PBXFileReference; lastKnownFileType = sourcecode.c.objc; path = main.m; sourceTree = "<group>"; };
		363EB78C14B15EA6008351B7 /* MyRect-Prefix.pch */ = {isa = PBXFileReference; lastKnownFileType = sourcecode.c.h; path = "MyRect-Prefix.pch"; sourceTree = "<group>"; };
		363EB78D14B15EA6008351B7 /* MyRect.1 */ = {isa = PBXFileReference; lastKnownFileType = text.man; path = MyRect.1; sourceTree = "<group>"; };
		363EB79414B15ED3008351B7 /* MyRect.h */ = {isa = PBXFileReference; fileEncoding = 4; lastKnownFileType = sourcecode.c.h; path = MyRect.h; sourceTree = "<group>"; };
		363EB79514B15ED3008351B7 /* MyRect.m */ = {isa = PBXFileReference; fileEncoding = 4; lastKnownFileType = sourcecode.c.objc; path = MyRect.m; sourceTree = "<group>"; };
/* End PBXFileReference section */

/* Begin PBXFrameworksBuildPhase section */
		363EB77F14B15EA6008351B7 /* Frameworks */ = {
			isa = PBXFrameworksBuildPhase;
			buildActionMask = 2147483647;
			files = (
				363EB78714B15EA6008351B7 /* Foundation.framework in Frameworks */,
			);
			runOnlyForDeploymentPostprocessing = 0;
		};
/* End PBXFrameworksBuildPhase section */

/* Begin PBXGroup section */
		363EB77714B15EA6008351B7 = {
			isa = PBXGroup;
			children = (
				363EB78814B15EA6008351B7 /* MyRect */,
				363EB78514B15EA6008351B7 /* Frameworks */,
				363EB78314B15EA6008351B7 /* Products */,
			);
			sourceTree = "<group>";
		};
		363EB78314B15EA6008351B7 /* Products */ = {
			isa = PBXGroup;
			children = (
				363EB78214B15EA6008351B7 /* MyRect */,
			);
			name = Products;
			sourceTree = "<group>";
		};
		363EB78514B15EA6008351B7 /* Frameworks */ = {
			isa = PBXGroup;
			children = (
				363EB78614B15EA6008351B7 /* Foundation.framework */,
			);
			name = Frameworks;
			sourceTree = "<group>";
		};
		363EB78814B15EA6008351B7 /* MyRect */ = {
			isa = PBXGroup;
			children = (
				363EB78914B15EA6008351B7 /* main.m */,
				363EB78D14B15EA6008351B7 /* MyRect.1 */,
				363EB78B14B15EA6008351B7 /* Supporting Files */,
				363EB79414B15ED3008351B7 /* MyRect.h */,
				363EB79514B15ED3008351B7 /* MyRect.m */,
			);
			path = MyRect;
			sourceTree = "<group>";
		};
		363EB78B14B15EA6008351B7 /* Supporting Files */ = {
			isa = PBXGroup;
			children = (
				363EB78C14B15EA6008351B7 /* MyRect-Prefix.pch */,
			);
			name = "Supporting Files";
			sourceTree = "<group>";
		};
/* End PBXGroup section */

/* Begin PBXNativeTarget section */
		363EB78114B15EA6008351B7 /* MyRect */ = {
			isa = PBXNativeTarget;
			buildConfigurationList = 363EB79114B15EA6008351B7 /* Build configuration list for PBXNativeTarget "MyRect" */;
			buildPhases = (
				363EB77E14B15EA6008351B7 /* Sources */,
				363EB77F14B15EA6008351B7 /* Frameworks */,
				363EB78014B15EA6008351B7 /* CopyFiles */,
			);
			buildRules = (
			);
			dependencies = (
			);
			name = MyRect;
			productName = MyRect;
			productReference = 363EB78214B15EA6008351B7 /* MyRect */;
			productType = "com.apple.product-type.tool";
		};
/* End PBXNativeTarget section */

/* Begin PBXProject section */
		363EB77914B15EA6008351B7 /* Project object */ = {
			isa = PBXProject;
			attributes = {
				LastUpgradeCheck = 0420;
				ORGANIZATIONNAME = "Tufts University";
			};
			buildConfigurationList = 363EB77C14B15EA6008351B7 /* Build configuration list for PBXProject "MyRect" */;
			compatibilityVersion = "Xcode 3.2";
			developmentRegion = English;
			hasScannedForEncodings = 0;
			knownRegions = (
				en,
			);
			mainGroup = 363EB77714B15EA6008351B7;
			productRefGroup = 363EB78314B15EA6008351B7 /* Products */;
			projectDirPath = "";
			projectRoot = "";
			targets = (
				363EB78114B15EA6008351B7 /* MyRect */,
			);
		};
/* End PBXProject section */

/* Begin PBXSourcesBuildPhase section */
		363EB77E14B15EA6008351B7 /* Sources */ = {
			isa = PBXSourcesBuildPhase;
			buildActionMask = 2147483647;
			files = (
				363EB78A14B15EA6008351B7 /* main.m in Sources */,
				363EB79614B15ED3008351B7 /* MyRect.m in Sources */,
			);
			runOnlyForDeploymentPostprocessing = 0;
		};
/* End PBXSourcesBuildPhase section */

/* Begin XCBuildConfiguration section */
		363EB78F14B15EA6008351B7 /* Debug */ = {
			isa = XCBuildConfiguration;
			buildSettings = {
				ALWAYS_SEARCH_USER_PATHS = NO;
				ARCHS = "$(ARCHS_STANDARD_64_BIT)";
				CLANG_ENABLE_OBJC_ARC = YES;
				COPY_PHASE_STRIP = NO;
				GCC_C_LANGUAGE_STANDARD = gnu99;
				GCC_DYNAMIC_NO_PIC = NO;
				GCC_ENABLE_OBJC_EXCEPTIONS = YES;
				GCC_OPTIMIZATION_LEVEL = 0;
				GCC_PREPROCESSOR_DEFINITIONS = (
					"DEBUG=1",
					"$(inherited)",
				);
				GCC_SYMBOLS_PRIVATE_EXTERN = NO;
				GCC_VERSION = com.apple.compilers.llvm.clang.1_0;
				GCC_WARN_64_TO_32_BIT_CONVERSION = YES;
				GCC_WARN_ABOUT_MISSING_PROTOTYPES = YES;
				GCC_WARN_ABOUT_RETURN_TYPE = YES;
				GCC_WARN_UNUSED_VARIABLE = YES;
				MACOSX_DEPLOYMENT_TARGET = 10.7;
				ONLY_ACTIVE_ARCH = YES;
				SDKROOT = macosx;
			};
			name = Debug;
		};
		363EB79014B15EA6008351B7 /* Release */ = {
			isa = XCBuildConfiguration;
			buildSettings = {
				ALWAYS_SEARCH_USER_PATHS = NO;
				ARCHS = "$(ARCHS_STANDARD_64_BIT)";
				CLANG_ENABLE_OBJC_ARC = YES;
				COPY_PHASE_STRIP = YES;
				DEBUG_INFORMATION_FORMAT = "dwarf-with-dsym";
				GCC_C_LANGUAGE_STANDARD = gnu99;
				GCC_ENABLE_OBJC_EXCEPTIONS = YES;
				GCC_VERSION = com.apple.compilers.llvm.clang.1_0;
				GCC_WARN_64_TO_32_BIT_CONVERSION = YES;
				GCC_WARN_ABOUT_MISSING_PROTOTYPES = YES;
				GCC_WARN_ABOUT_RETURN_TYPE = YES;
				GCC_WARN_UNUSED_VARIABLE = YES;
				MACOSX_DEPLOYMENT_TARGET = 10.7;
				SDKROOT = macosx;
			};
			name = Release;
		};
		363EB79214B15EA6008351B7 /* Debug */ = {
			isa = XCBuildConfiguration;
			buildSettings = {
				GCC_PRECOMPILE_PREFIX_HEADER = YES;
				GCC_PREFIX_HEADER = "MyRect/MyRect-Prefix.pch";
				PRODUCT_NAME = "$(TARGET_NAME)";
			};
			name = Debug;
		};
		363EB79314B15EA6008351B7 /* Release */ = {
			isa = XCBuildConfiguration;
			buildSettings = {
				GCC_PRECOMPILE_PREFIX_HEADER = YES;
				GCC_PREFIX_HEADER = "MyRect/MyRect-Prefix.pch";
				PRODUCT_NAME = "$(TARGET_NAME)";
			};
			name = Release;
		};
/* End XCBuildConfiguration section */

/* Begin XCConfigurationList section */
		363EB77C14B15EA6008351B7 /* Build configuration list for PBXProject "MyRect" */ = {
			isa = XCConfigurationList;
			buildConfigurations = (
				363EB78F14B15EA6008351B7 /* Debug */,
				363EB79014B15EA6008351B7 /* Release */,
			);
			defaultConfigurationIsVisible = 0;
			defaultConfigurationName = Release;
		};
		363EB79114B15EA6008351B7 /* Build configuration list for PBXNativeTarget "MyRect" */ = {
			isa = XCConfigurationList;
			buildConfigurations = (
				363EB79214B15EA6008351B7 /* Debug */,
				363EB79314B15EA6008351B7 /* Release */,
			);
			defaultConfigurationIsVisible = 0;
		};
/* End XCConfigurationList section */
	};
	rootObject = 363EB77914B15EA6008351B7 /* Project object */;
}
