// !$*UTF8*$!
{
	archiveVersion = 1;
	classes = {
	};
	objectVersion = 46;
	objects = {

/* Begin PBXBuildFile section */
		3693DF4A152E30E90017658D /* UIKit.framework in Frameworks */ = {isa = PBXBuildFile; fileRef = 3693DF49152E30E90017658D /* UIKit.framework */; };
		3693DF4C152E30E90017658D /* Foundation.framework in Frameworks */ = {isa = PBXBuildFile; fileRef = 3693DF4B152E30E90017658D /* Foundation.framework */; };
		3693DF4E152E30E90017658D /* CoreGraphics.framework in Frameworks */ = {isa = PBXBuildFile; fileRef = 3693DF4D152E30E90017658D /* CoreGraphics.framework */; };
		3693DF50152E30E90017658D /* CoreData.framework in Frameworks */ = {isa = PBXBuildFile; fileRef = 3693DF4F152E30E90017658D /* CoreData.framework */; };
		3693DF56152E30E90017658D /* InfoPlist.strings in Resources */ = {isa = PBXBuildFile; fileRef = 3693DF54152E30E90017658D /* InfoPlist.strings */; };
		3693DF58152E30E90017658D /* main.m in Sources */ = {isa = PBXBuildFile; fileRef = 3693DF57152E30E90017658D /* main.m */; };
		3693DF5C152E30E90017658D /* AppDelegate.m in Sources */ = {isa = PBXBuildFile; fileRef = 3693DF5B152E30E90017658D /* AppDelegate.m */; };
		3693DF5F152E30E90017658D /* SimpleOperation.xcdatamodeld in Sources */ = {isa = PBXBuildFile; fileRef = 3693DF5D152E30E90017658D /* SimpleOperation.xcdatamodeld */; };
/* End PBXBuildFile section */

/* Begin PBXFileReference section */
		3693DF45152E30E90017658D /* SimpleOperation.app */ = {isa = PBXFileReference; explicitFileType = wrapper.application; includeInIndex = 0; path = SimpleOperation.app; sourceTree = BUILT_PRODUCTS_DIR; };
		3693DF49152E30E90017658D /* UIKit.framework */ = {isa = PBXFileReference; lastKnownFileType = wrapper.framework; name = UIKit.framework; path = System/Library/Frameworks/UIKit.framework; sourceTree = SDKROOT; };
		3693DF4B152E30E90017658D /* Foundation.framework */ = {isa = PBXFileReference; lastKnownFileType = wrapper.framework; name = Foundation.framework; path = System/Library/Frameworks/Foundation.framework; sourceTree = SDKROOT; };
		3693DF4D152E30E90017658D /* CoreGraphics.framework */ = {isa = PBXFileReference; lastKnownFileType = wrapper.framework; name = CoreGraphics.framework; path = System/Library/Frameworks/CoreGraphics.framework; sourceTree = SDKROOT; };
		3693DF4F152E30E90017658D /* CoreData.framework */ = {isa = PBXFileReference; lastKnownFileType = wrapper.framework; name = CoreData.framework; path = System/Library/Frameworks/CoreData.framework; sourceTree = SDKROOT; };
		3693DF53152E30E90017658D /* SimpleOperation-Info.plist */ = {isa = PBXFileReference; lastKnownFileType = text.plist.xml; path = "SimpleOperation-Info.plist"; sourceTree = "<group>"; };
		3693DF55152E30E90017658D /* en */ = {isa = PBXFileReference; lastKnownFileType = text.plist.strings; name = en; path = en.lproj/InfoPlist.strings; sourceTree = "<group>"; };
		3693DF57152E30E90017658D /* main.m */ = {isa = PBXFileReference; lastKnownFileType = sourcecode.c.objc; path = main.m; sourceTree = "<group>"; };
		3693DF59152E30E90017658D /* SimpleOperation-Prefix.pch */ = {isa = PBXFileReference; lastKnownFileType = sourcecode.c.h; path = "SimpleOperation-Prefix.pch"; sourceTree = "<group>"; };
		3693DF5A152E30E90017658D /* AppDelegate.h */ = {isa = PBXFileReference; lastKnownFileType = sourcecode.c.h; path = AppDelegate.h; sourceTree = "<group>"; };
		3693DF5B152E30E90017658D /* AppDelegate.m */ = {isa = PBXFileReference; lastKnownFileType = sourcecode.c.objc; path = AppDelegate.m; sourceTree = "<group>"; };
		3693DF5E152E30E90017658D /* SimpleOperation.xcdatamodel */ = {isa = PBXFileReference; lastKnownFileType = wrapper.xcdatamodel; path = SimpleOperation.xcdatamodel; sourceTree = "<group>"; };
/* End PBXFileReference section */

/* Begin PBXFrameworksBuildPhase section */
		3693DF42152E30E90017658D /* Frameworks */ = {
			isa = PBXFrameworksBuildPhase;
			buildActionMask = 2147483647;
			files = (
				3693DF4A152E30E90017658D /* UIKit.framework in Frameworks */,
				3693DF4C152E30E90017658D /* Foundation.framework in Frameworks */,
				3693DF4E152E30E90017658D /* CoreGraphics.framework in Frameworks */,
				3693DF50152E30E90017658D /* CoreData.framework in Frameworks */,
			);
			runOnlyForDeploymentPostprocessing = 0;
		};
/* End PBXFrameworksBuildPhase section */

/* Begin PBXGroup section */
		3693DF3A152E30E90017658D = {
			isa = PBXGroup;
			children = (
				3693DF51152E30E90017658D /* SimpleOperation */,
				3693DF48152E30E90017658D /* Frameworks */,
				3693DF46152E30E90017658D /* Products */,
			);
			sourceTree = "<group>";
		};
		3693DF46152E30E90017658D /* Products */ = {
			isa = PBXGroup;
			children = (
				3693DF45152E30E90017658D /* SimpleOperation.app */,
			);
			name = Products;
			sourceTree = "<group>";
		};
		3693DF48152E30E90017658D /* Frameworks */ = {
			isa = PBXGroup;
			children = (
				3693DF49152E30E90017658D /* UIKit.framework */,
				3693DF4B152E30E90017658D /* Foundation.framework */,
				3693DF4D152E30E90017658D /* CoreGraphics.framework */,
				3693DF4F152E30E90017658D /* CoreData.framework */,
			);
			name = Frameworks;
			sourceTree = "<group>";
		};
		3693DF51152E30E90017658D /* SimpleOperation */ = {
			isa = PBXGroup;
			children = (
				3693DF5A152E30E90017658D /* AppDelegate.h */,
				3693DF5B152E30E90017658D /* AppDelegate.m */,
				3693DF5D152E30E90017658D /* SimpleOperation.xcdatamodeld */,
				3693DF52152E30E90017658D /* Supporting Files */,
			);
			path = SimpleOperation;
			sourceTree = "<group>";
		};
		3693DF52152E30E90017658D /* Supporting Files */ = {
			isa = PBXGroup;
			children = (
				3693DF53152E30E90017658D /* SimpleOperation-Info.plist */,
				3693DF54152E30E90017658D /* InfoPlist.strings */,
				3693DF57152E30E90017658D /* main.m */,
				3693DF59152E30E90017658D /* SimpleOperation-Prefix.pch */,
			);
			name = "Supporting Files";
			sourceTree = "<group>";
		};
/* End PBXGroup section */

/* Begin PBXNativeTarget section */
		3693DF44152E30E90017658D /* SimpleOperation */ = {
			isa = PBXNativeTarget;
			buildConfigurationList = 3693DF62152E30E90017658D /* Build configuration list for PBXNativeTarget "SimpleOperation" */;
			buildPhases = (
				3693DF41152E30E90017658D /* Sources */,
				3693DF42152E30E90017658D /* Frameworks */,
				3693DF43152E30E90017658D /* Resources */,
			);
			buildRules = (
			);
			dependencies = (
			);
			name = SimpleOperation;
			productName = SimpleOperation;
			productReference = 3693DF45152E30E90017658D /* SimpleOperation.app */;
			productType = "com.apple.product-type.application";
		};
/* End PBXNativeTarget section */

/* Begin PBXProject section */
		3693DF3C152E30E90017658D /* Project object */ = {
			isa = PBXProject;
			attributes = {
				LastUpgradeCheck = 0430;
				ORGANIZATIONNAME = "Tufts University";
			};
			buildConfigurationList = 3693DF3F152E30E90017658D /* Build configuration list for PBXProject "SimpleOperation" */;
			compatibilityVersion = "Xcode 3.2";
			developmentRegion = English;
			hasScannedForEncodings = 0;
			knownRegions = (
				en,
			);
			mainGroup = 3693DF3A152E30E90017658D;
			productRefGroup = 3693DF46152E30E90017658D /* Products */;
			projectDirPath = "";
			projectRoot = "";
			targets = (
				3693DF44152E30E90017658D /* SimpleOperation */,
			);
		};
/* End PBXProject section */

/* Begin PBXResourcesBuildPhase section */
		3693DF43152E30E90017658D /* Resources */ = {
			isa = PBXResourcesBuildPhase;
			buildActionMask = 2147483647;
			files = (
				3693DF56152E30E90017658D /* InfoPlist.strings in Resources */,
			);
			runOnlyForDeploymentPostprocessing = 0;
		};
/* End PBXResourcesBuildPhase section */

/* Begin PBXSourcesBuildPhase section */
		3693DF41152E30E90017658D /* Sources */ = {
			isa = PBXSourcesBuildPhase;
			buildActionMask = 2147483647;
			files = (
				3693DF58152E30E90017658D /* main.m in Sources */,
				3693DF5C152E30E90017658D /* AppDelegate.m in Sources */,
				3693DF5F152E30E90017658D /* SimpleOperation.xcdatamodeld in Sources */,
			);
			runOnlyForDeploymentPostprocessing = 0;
		};
/* End PBXSourcesBuildPhase section */

/* Begin PBXVariantGroup section */
		3693DF54152E30E90017658D /* InfoPlist.strings */ = {
			isa = PBXVariantGroup;
			children = (
				3693DF55152E30E90017658D /* en */,
			);
			name = InfoPlist.strings;
			sourceTree = "<group>";
		};
/* End PBXVariantGroup section */

/* Begin XCBuildConfiguration section */
		3693DF60152E30E90017658D /* Debug */ = {
			isa = XCBuildConfiguration;
			buildSettings = {
				ALWAYS_SEARCH_USER_PATHS = NO;
				ARCHS = "$(ARCHS_STANDARD_32_BIT)";
				CLANG_ENABLE_OBJC_ARC = YES;
				"CODE_SIGN_IDENTITY[sdk=iphoneos*]" = "iPhone Developer";
				COPY_PHASE_STRIP = NO;
				GCC_C_LANGUAGE_STANDARD = gnu99;
				GCC_DYNAMIC_NO_PIC = NO;
				GCC_OPTIMIZATION_LEVEL = 0;
				GCC_PREPROCESSOR_DEFINITIONS = (
					"DEBUG=1",
					"$(inherited)",
				);
				GCC_SYMBOLS_PRIVATE_EXTERN = NO;
				GCC_VERSION = com.apple.compilers.llvm.clang.1_0;
				GCC_WARN_ABOUT_RETURN_TYPE = YES;
				GCC_WARN_UNINITIALIZED_AUTOS = YES;
				GCC_WARN_UNUSED_VARIABLE = YES;
				IPHONEOS_DEPLOYMENT_TARGET = 5.1;
				SDKROOT = iphoneos;
				TARGETED_DEVICE_FAMILY = "1,2";
			};
			name = Debug;
		};
		3693DF61152E30E90017658D /* Release */ = {
			isa = XCBuildConfiguration;
			buildSettings = {
				ALWAYS_SEARCH_USER_PATHS = NO;
				ARCHS = "$(ARCHS_STANDARD_32_BIT)";
				CLANG_ENABLE_OBJC_ARC = YES;
				"CODE_SIGN_IDENTITY[sdk=iphoneos*]" = "iPhone Developer";
				COPY_PHASE_STRIP = YES;
				GCC_C_LANGUAGE_STANDARD = gnu99;
				GCC_VERSION = com.apple.compilers.llvm.clang.1_0;
				GCC_WARN_ABOUT_RETURN_TYPE = YES;
				GCC_WARN_UNINITIALIZED_AUTOS = YES;
				GCC_WARN_UNUSED_VARIABLE = YES;
				IPHONEOS_DEPLOYMENT_TARGET = 5.1;
				OTHER_CFLAGS = "-DNS_BLOCK_ASSERTIONS=1";
				SDKROOT = iphoneos;
				TARGETED_DEVICE_FAMILY = "1,2";
				VALIDATE_PRODUCT = YES;
			};
			name = Release;
		};
		3693DF63152E30E90017658D /* Debug */ = {
			isa = XCBuildConfiguration;
			buildSettings = {
				GCC_PRECOMPILE_PREFIX_HEADER = YES;
				GCC_PREFIX_HEADER = "SimpleOperation/SimpleOperation-Prefix.pch";
				INFOPLIST_FILE = "SimpleOperation/SimpleOperation-Info.plist";
				PRODUCT_NAME = "$(TARGET_NAME)";
				WRAPPER_EXTENSION = app;
			};
			name = Debug;
		};
		3693DF64152E30E90017658D /* Release */ = {
			isa = XCBuildConfiguration;
			buildSettings = {
				GCC_PRECOMPILE_PREFIX_HEADER = YES;
				GCC_PREFIX_HEADER = "SimpleOperation/SimpleOperation-Prefix.pch";
				INFOPLIST_FILE = "SimpleOperation/SimpleOperation-Info.plist";
				PRODUCT_NAME = "$(TARGET_NAME)";
				WRAPPER_EXTENSION = app;
			};
			name = Release;
		};
/* End XCBuildConfiguration section */

/* Begin XCConfigurationList section */
		3693DF3F152E30E90017658D /* Build configuration list for PBXProject "SimpleOperation" */ = {
			isa = XCConfigurationList;
			buildConfigurations = (
				3693DF60152E30E90017658D /* Debug */,
				3693DF61152E30E90017658D /* Release */,
			);
			defaultConfigurationIsVisible = 0;
			defaultConfigurationName = Release;
		};
		3693DF62152E30E90017658D /* Build configuration list for PBXNativeTarget "SimpleOperation" */ = {
			isa = XCConfigurationList;
			buildConfigurations = (
				3693DF63152E30E90017658D /* Debug */,
				3693DF64152E30E90017658D /* Release */,
			);
			defaultConfigurationIsVisible = 0;
		};
/* End XCConfigurationList section */

/* Begin XCVersionGroup section */
		3693DF5D152E30E90017658D /* SimpleOperation.xcdatamodeld */ = {
			isa = XCVersionGroup;
			children = (
				3693DF5E152E30E90017658D /* SimpleOperation.xcdatamodel */,
			);
			currentVersion = 3693DF5E152E30E90017658D /* SimpleOperation.xcdatamodel */;
			path = SimpleOperation.xcdatamodeld;
			sourceTree = "<group>";
			versionGroupType = wrapper.xcdatamodel;
		};
/* End XCVersionGroup section */
	};
	rootObject = 3693DF3C152E30E90017658D /* Project object */;
}
