// !$*UTF8*$!
{
	archiveVersion = 1;
	classes = {
	};
	objectVersion = 46;
	objects = {

/* Begin PBXBuildFile section */
		36795A0814BE8A660019DDB0 /* UIKit.framework in Frameworks */ = {isa = PBXBuildFile; fileRef = 36795A0714BE8A660019DDB0 /* UIKit.framework */; };
		36795A0A14BE8A660019DDB0 /* Foundation.framework in Frameworks */ = {isa = PBXBuildFile; fileRef = 36795A0914BE8A660019DDB0 /* Foundation.framework */; };
		36795A0C14BE8A660019DDB0 /* CoreGraphics.framework in Frameworks */ = {isa = PBXBuildFile; fileRef = 36795A0B14BE8A660019DDB0 /* CoreGraphics.framework */; };
		36795A1214BE8A660019DDB0 /* InfoPlist.strings in Resources */ = {isa = PBXBuildFile; fileRef = 36795A1014BE8A660019DDB0 /* InfoPlist.strings */; };
		36795A1414BE8A660019DDB0 /* main.m in Sources */ = {isa = PBXBuildFile; fileRef = 36795A1314BE8A660019DDB0 /* main.m */; };
		36795A1814BE8A660019DDB0 /* AppDelegate.m in Sources */ = {isa = PBXBuildFile; fileRef = 36795A1714BE8A660019DDB0 /* AppDelegate.m */; };
		36795A1B14BE8A660019DDB0 /* ViewController.m in Sources */ = {isa = PBXBuildFile; fileRef = 36795A1A14BE8A660019DDB0 /* ViewController.m */; };
		36795A1E14BE8A660019DDB0 /* ViewController_iPhone.xib in Resources */ = {isa = PBXBuildFile; fileRef = 36795A1C14BE8A660019DDB0 /* ViewController_iPhone.xib */; };
/* End PBXBuildFile section */

/* Begin PBXFileReference section */
		36795A0314BE8A660019DDB0 /* TipCalculator.app */ = {isa = PBXFileReference; explicitFileType = wrapper.application; includeInIndex = 0; path = TipCalculator.app; sourceTree = BUILT_PRODUCTS_DIR; };
		36795A0714BE8A660019DDB0 /* UIKit.framework */ = {isa = PBXFileReference; lastKnownFileType = wrapper.framework; name = UIKit.framework; path = System/Library/Frameworks/UIKit.framework; sourceTree = SDKROOT; };
		36795A0914BE8A660019DDB0 /* Foundation.framework */ = {isa = PBXFileReference; lastKnownFileType = wrapper.framework; name = Foundation.framework; path = System/Library/Frameworks/Foundation.framework; sourceTree = SDKROOT; };
		36795A0B14BE8A660019DDB0 /* CoreGraphics.framework */ = {isa = PBXFileReference; lastKnownFileType = wrapper.framework; name = CoreGraphics.framework; path = System/Library/Frameworks/CoreGraphics.framework; sourceTree = SDKROOT; };
		36795A0F14BE8A660019DDB0 /* TipCalculator-Info.plist */ = {isa = PBXFileReference; lastKnownFileType = text.plist.xml; path = "TipCalculator-Info.plist"; sourceTree = "<group>"; };
		36795A1114BE8A660019DDB0 /* en */ = {isa = PBXFileReference; lastKnownFileType = text.plist.strings; name = en; path = en.lproj/InfoPlist.strings; sourceTree = "<group>"; };
		36795A1314BE8A660019DDB0 /* main.m */ = {isa = PBXFileReference; lastKnownFileType = sourcecode.c.objc; path = main.m; sourceTree = "<group>"; };
		36795A1514BE8A660019DDB0 /* TipCalculator-Prefix.pch */ = {isa = PBXFileReference; lastKnownFileType = sourcecode.c.h; path = "TipCalculator-Prefix.pch"; sourceTree = "<group>"; };
		36795A1614BE8A660019DDB0 /* AppDelegate.h */ = {isa = PBXFileReference; lastKnownFileType = sourcecode.c.h; path = AppDelegate.h; sourceTree = "<group>"; };
		36795A1714BE8A660019DDB0 /* AppDelegate.m */ = {isa = PBXFileReference; lastKnownFileType = sourcecode.c.objc; path = AppDelegate.m; sourceTree = "<group>"; };
		36795A1914BE8A660019DDB0 /* ViewController.h */ = {isa = PBXFileReference; lastKnownFileType = sourcecode.c.h; path = ViewController.h; sourceTree = "<group>"; };
		36795A1A14BE8A660019DDB0 /* ViewController.m */ = {isa = PBXFileReference; lastKnownFileType = sourcecode.c.objc; path = ViewController.m; sourceTree = "<group>"; };
		36795A1D14BE8A660019DDB0 /* en */ = {isa = PBXFileReference; lastKnownFileType = file.xib; name = en; path = en.lproj/ViewController_iPhone.xib; sourceTree = "<group>"; };
/* End PBXFileReference section */

/* Begin PBXFrameworksBuildPhase section */
		36795A0014BE8A660019DDB0 /* Frameworks */ = {
			isa = PBXFrameworksBuildPhase;
			buildActionMask = 2147483647;
			files = (
				36795A0814BE8A660019DDB0 /* UIKit.framework in Frameworks */,
				36795A0A14BE8A660019DDB0 /* Foundation.framework in Frameworks */,
				36795A0C14BE8A660019DDB0 /* CoreGraphics.framework in Frameworks */,
			);
			runOnlyForDeploymentPostprocessing = 0;
		};
/* End PBXFrameworksBuildPhase section */

/* Begin PBXGroup section */
		367959F814BE8A660019DDB0 = {
			isa = PBXGroup;
			children = (
				36795A0D14BE8A660019DDB0 /* TipCalculator */,
				36795A0614BE8A660019DDB0 /* Frameworks */,
				36795A0414BE8A660019DDB0 /* Products */,
			);
			sourceTree = "<group>";
		};
		36795A0414BE8A660019DDB0 /* Products */ = {
			isa = PBXGroup;
			children = (
				36795A0314BE8A660019DDB0 /* TipCalculator.app */,
			);
			name = Products;
			sourceTree = "<group>";
		};
		36795A0614BE8A660019DDB0 /* Frameworks */ = {
			isa = PBXGroup;
			children = (
				36795A0714BE8A660019DDB0 /* UIKit.framework */,
				36795A0914BE8A660019DDB0 /* Foundation.framework */,
				36795A0B14BE8A660019DDB0 /* CoreGraphics.framework */,
			);
			name = Frameworks;
			sourceTree = "<group>";
		};
		36795A0D14BE8A660019DDB0 /* TipCalculator */ = {
			isa = PBXGroup;
			children = (
				36795A1614BE8A660019DDB0 /* AppDelegate.h */,
				36795A1714BE8A660019DDB0 /* AppDelegate.m */,
				36795A1914BE8A660019DDB0 /* ViewController.h */,
				36795A1A14BE8A660019DDB0 /* ViewController.m */,
				36795A1C14BE8A660019DDB0 /* ViewController_iPhone.xib */,
				36795A0E14BE8A660019DDB0 /* Supporting Files */,
			);
			path = TipCalculator;
			sourceTree = "<group>";
		};
		36795A0E14BE8A660019DDB0 /* Supporting Files */ = {
			isa = PBXGroup;
			children = (
				36795A0F14BE8A660019DDB0 /* TipCalculator-Info.plist */,
				36795A1014BE8A660019DDB0 /* InfoPlist.strings */,
				36795A1314BE8A660019DDB0 /* main.m */,
				36795A1514BE8A660019DDB0 /* TipCalculator-Prefix.pch */,
			);
			name = "Supporting Files";
			sourceTree = "<group>";
		};
/* End PBXGroup section */

/* Begin PBXNativeTarget section */
		36795A0214BE8A660019DDB0 /* TipCalculator */ = {
			isa = PBXNativeTarget;
			buildConfigurationList = 36795A2414BE8A660019DDB0 /* Build configuration list for PBXNativeTarget "TipCalculator" */;
			buildPhases = (
				367959FF14BE8A660019DDB0 /* Sources */,
				36795A0014BE8A660019DDB0 /* Frameworks */,
				36795A0114BE8A660019DDB0 /* Resources */,
			);
			buildRules = (
			);
			dependencies = (
			);
			name = TipCalculator;
			productName = TipCalculator;
			productReference = 36795A0314BE8A660019DDB0 /* TipCalculator.app */;
			productType = "com.apple.product-type.application";
		};
/* End PBXNativeTarget section */

/* Begin PBXProject section */
		367959FA14BE8A660019DDB0 /* Project object */ = {
			isa = PBXProject;
			attributes = {
				LastUpgradeCheck = 0420;
				ORGANIZATIONNAME = "Tufts University";
			};
			buildConfigurationList = 367959FD14BE8A660019DDB0 /* Build configuration list for PBXProject "TipCalculator" */;
			compatibilityVersion = "Xcode 3.2";
			developmentRegion = English;
			hasScannedForEncodings = 0;
			knownRegions = (
				en,
			);
			mainGroup = 367959F814BE8A660019DDB0;
			productRefGroup = 36795A0414BE8A660019DDB0 /* Products */;
			projectDirPath = "";
			projectRoot = "";
			targets = (
				36795A0214BE8A660019DDB0 /* TipCalculator */,
			);
		};
/* End PBXProject section */

/* Begin PBXResourcesBuildPhase section */
		36795A0114BE8A660019DDB0 /* Resources */ = {
			isa = PBXResourcesBuildPhase;
			buildActionMask = 2147483647;
			files = (
				36795A1214BE8A660019DDB0 /* InfoPlist.strings in Resources */,
				36795A1E14BE8A660019DDB0 /* ViewController_iPhone.xib in Resources */,
			);
			runOnlyForDeploymentPostprocessing = 0;
		};
/* End PBXResourcesBuildPhase section */

/* Begin PBXSourcesBuildPhase section */
		367959FF14BE8A660019DDB0 /* Sources */ = {
			isa = PBXSourcesBuildPhase;
			buildActionMask = 2147483647;
			files = (
				36795A1414BE8A660019DDB0 /* main.m in Sources */,
				36795A1814BE8A660019DDB0 /* AppDelegate.m in Sources */,
				36795A1B14BE8A660019DDB0 /* ViewController.m in Sources */,
			);
			runOnlyForDeploymentPostprocessing = 0;
		};
/* End PBXSourcesBuildPhase section */

/* Begin PBXVariantGroup section */
		36795A1014BE8A660019DDB0 /* InfoPlist.strings */ = {
			isa = PBXVariantGroup;
			children = (
				36795A1114BE8A660019DDB0 /* en */,
			);
			name = InfoPlist.strings;
			sourceTree = "<group>";
		};
		36795A1C14BE8A660019DDB0 /* ViewController_iPhone.xib */ = {
			isa = PBXVariantGroup;
			children = (
				36795A1D14BE8A660019DDB0 /* en */,
			);
			name = ViewController_iPhone.xib;
			sourceTree = "<group>";
		};
/* End PBXVariantGroup section */

/* Begin XCBuildConfiguration section */
		36795A2214BE8A660019DDB0 /* Debug */ = {
			isa = XCBuildConfiguration;
			buildSettings = {
				ALWAYS_SEARCH_USER_PATHS = NO;
				ARCHS = "$(ARCHS_STANDARD_32_BIT)";
				CLANG_ENABLE_OBJC_ARC = YES;
				"CODE_SIGN_IDENTITY[sdk=iphoneos*]" = "iPhone Developer";
				COPY_PHASE_STRIP = NO;
				GCC_C_LANGUAGE_STANDARD = gnu99;
				GCC_DYNAMIC_NO_PIC = NO;
				GCC_OPTIMIZATION_LEVEL = 0;
				GCC_PREPROCESSOR_DEFINITIONS = (
					"DEBUG=1",
					"$(inherited)",
				);
				GCC_SYMBOLS_PRIVATE_EXTERN = NO;
				GCC_VERSION = com.apple.compilers.llvm.clang.1_0;
				GCC_WARN_ABOUT_MISSING_PROTOTYPES = YES;
				GCC_WARN_ABOUT_RETURN_TYPE = YES;
				GCC_WARN_UNUSED_VARIABLE = YES;
				IPHONEOS_DEPLOYMENT_TARGET = 5.0;
				SDKROOT = iphoneos;
				TARGETED_DEVICE_FAMILY = 1;
			};
			name = Debug;
		};
		36795A2314BE8A660019DDB0 /* Release */ = {
			isa = XCBuildConfiguration;
			buildSettings = {
				ALWAYS_SEARCH_USER_PATHS = NO;
				ARCHS = "$(ARCHS_STANDARD_32_BIT)";
				CLANG_ENABLE_OBJC_ARC = YES;
				"CODE_SIGN_IDENTITY[sdk=iphoneos*]" = "iPhone Developer";
				COPY_PHASE_STRIP = YES;
				GCC_C_LANGUAGE_STANDARD = gnu99;
				GCC_VERSION = com.apple.compilers.llvm.clang.1_0;
				GCC_WARN_ABOUT_MISSING_PROTOTYPES = YES;
				GCC_WARN_ABOUT_RETURN_TYPE = YES;
				GCC_WARN_UNUSED_VARIABLE = YES;
				IPHONEOS_DEPLOYMENT_TARGET = 5.0;
				OTHER_CFLAGS = "-DNS_BLOCK_ASSERTIONS=1";
				SDKROOT = iphoneos;
				TARGETED_DEVICE_FAMILY = 1;
				VALIDATE_PRODUCT = YES;
			};
			name = Release;
		};
		36795A2514BE8A660019DDB0 /* Debug */ = {
			isa = XCBuildConfiguration;
			buildSettings = {
				GCC_PRECOMPILE_PREFIX_HEADER = YES;
				GCC_PREFIX_HEADER = "TipCalculator/TipCalculator-Prefix.pch";
				INFOPLIST_FILE = "TipCalculator/TipCalculator-Info.plist";
				PRODUCT_NAME = "$(TARGET_NAME)";
				TARGETED_DEVICE_FAMILY = 1;
				WRAPPER_EXTENSION = app;
			};
			name = Debug;
		};
		36795A2614BE8A660019DDB0 /* Release */ = {
			isa = XCBuildConfiguration;
			buildSettings = {
				GCC_PRECOMPILE_PREFIX_HEADER = YES;
				GCC_PREFIX_HEADER = "TipCalculator/TipCalculator-Prefix.pch";
				INFOPLIST_FILE = "TipCalculator/TipCalculator-Info.plist";
				PRODUCT_NAME = "$(TARGET_NAME)";
				TARGETED_DEVICE_FAMILY = 1;
				WRAPPER_EXTENSION = app;
			};
			name = Release;
		};
/* End XCBuildConfiguration section */

/* Begin XCConfigurationList section */
		367959FD14BE8A660019DDB0 /* Build configuration list for PBXProject "TipCalculator" */ = {
			isa = XCConfigurationList;
			buildConfigurations = (
				36795A2214BE8A660019DDB0 /* Debug */,
				36795A2314BE8A660019DDB0 /* Release */,
			);
			defaultConfigurationIsVisible = 0;
			defaultConfigurationName = Release;
		};
		36795A2414BE8A660019DDB0 /* Build configuration list for PBXNativeTarget "TipCalculator" */ = {
			isa = XCConfigurationList;
			buildConfigurations = (
				36795A2514BE8A660019DDB0 /* Debug */,
				36795A2614BE8A660019DDB0 /* Release */,
			);
			defaultConfigurationIsVisible = 0;
			defaultConfigurationName = Release;
		};
/* End XCConfigurationList section */
	};
	rootObject = 367959FA14BE8A660019DDB0 /* Project object */;
}
