// !$*UTF8*$!
{
	archiveVersion = 1;
	classes = {
	};
	objectVersion = 46;
	objects = {

/* Begin PBXBuildFile section */
		3693DF1F152E30970017658D /* UIKit.framework in Frameworks */ = {isa = PBXBuildFile; fileRef = 3693DF1E152E30970017658D /* UIKit.framework */; };
		3693DF21152E30970017658D /* Foundation.framework in Frameworks */ = {isa = PBXBuildFile; fileRef = 3693DF20152E30970017658D /* Foundation.framework */; };
		3693DF23152E30970017658D /* CoreGraphics.framework in Frameworks */ = {isa = PBXBuildFile; fileRef = 3693DF22152E30970017658D /* CoreGraphics.framework */; };
		3693DF25152E30970017658D /* CoreData.framework in Frameworks */ = {isa = PBXBuildFile; fileRef = 3693DF24152E30970017658D /* CoreData.framework */; };
		3693DF2B152E30970017658D /* InfoPlist.strings in Resources */ = {isa = PBXBuildFile; fileRef = 3693DF29152E30970017658D /* InfoPlist.strings */; };
		3693DF2D152E30970017658D /* main.m in Sources */ = {isa = PBXBuildFile; fileRef = 3693DF2C152E30970017658D /* main.m */; };
		3693DF31152E30970017658D /* AppDelegate.m in Sources */ = {isa = PBXBuildFile; fileRef = 3693DF30152E30970017658D /* AppDelegate.m */; };
		3693DF34152E30970017658D /* Delay.xcdatamodeld in Sources */ = {isa = PBXBuildFile; fileRef = 3693DF32152E30970017658D /* Delay.xcdatamodeld */; };
/* End PBXBuildFile section */

/* Begin PBXFileReference section */
		3693DF1A152E30970017658D /* Delay.app */ = {isa = PBXFileReference; explicitFileType = wrapper.application; includeInIndex = 0; path = Delay.app; sourceTree = BUILT_PRODUCTS_DIR; };
		3693DF1E152E30970017658D /* UIKit.framework */ = {isa = PBXFileReference; lastKnownFileType = wrapper.framework; name = UIKit.framework; path = System/Library/Frameworks/UIKit.framework; sourceTree = SDKROOT; };
		3693DF20152E30970017658D /* Foundation.framework */ = {isa = PBXFileReference; lastKnownFileType = wrapper.framework; name = Foundation.framework; path = System/Library/Frameworks/Foundation.framework; sourceTree = SDKROOT; };
		3693DF22152E30970017658D /* CoreGraphics.framework */ = {isa = PBXFileReference; lastKnownFileType = wrapper.framework; name = CoreGraphics.framework; path = System/Library/Frameworks/CoreGraphics.framework; sourceTree = SDKROOT; };
		3693DF24152E30970017658D /* CoreData.framework */ = {isa = PBXFileReference; lastKnownFileType = wrapper.framework; name = CoreData.framework; path = System/Library/Frameworks/CoreData.framework; sourceTree = SDKROOT; };
		3693DF28152E30970017658D /* Delay-Info.plist */ = {isa = PBXFileReference; lastKnownFileType = text.plist.xml; path = "Delay-Info.plist"; sourceTree = "<group>"; };
		3693DF2A152E30970017658D /* en */ = {isa = PBXFileReference; lastKnownFileType = text.plist.strings; name = en; path = en.lproj/InfoPlist.strings; sourceTree = "<group>"; };
		3693DF2C152E30970017658D /* main.m */ = {isa = PBXFileReference; lastKnownFileType = sourcecode.c.objc; path = main.m; sourceTree = "<group>"; };
		3693DF2E152E30970017658D /* Delay-Prefix.pch */ = {isa = PBXFileReference; lastKnownFileType = sourcecode.c.h; path = "Delay-Prefix.pch"; sourceTree = "<group>"; };
		3693DF2F152E30970017658D /* AppDelegate.h */ = {isa = PBXFileReference; lastKnownFileType = sourcecode.c.h; path = AppDelegate.h; sourceTree = "<group>"; };
		3693DF30152E30970017658D /* AppDelegate.m */ = {isa = PBXFileReference; lastKnownFileType = sourcecode.c.objc; path = AppDelegate.m; sourceTree = "<group>"; };
		3693DF33152E30970017658D /* Delay.xcdatamodel */ = {isa = PBXFileReference; lastKnownFileType = wrapper.xcdatamodel; path = Delay.xcdatamodel; sourceTree = "<group>"; };
/* End PBXFileReference section */

/* Begin PBXFrameworksBuildPhase section */
		3693DF17152E30970017658D /* Frameworks */ = {
			isa = PBXFrameworksBuildPhase;
			buildActionMask = 2147483647;
			files = (
				3693DF1F152E30970017658D /* UIKit.framework in Frameworks */,
				3693DF21152E30970017658D /* Foundation.framework in Frameworks */,
				3693DF23152E30970017658D /* CoreGraphics.framework in Frameworks */,
				3693DF25152E30970017658D /* CoreData.framework in Frameworks */,
			);
			runOnlyForDeploymentPostprocessing = 0;
		};
/* End PBXFrameworksBuildPhase section */

/* Begin PBXGroup section */
		3693DF0F152E30970017658D = {
			isa = PBXGroup;
			children = (
				3693DF26152E30970017658D /* Delay */,
				3693DF1D152E30970017658D /* Frameworks */,
				3693DF1B152E30970017658D /* Products */,
			);
			sourceTree = "<group>";
		};
		3693DF1B152E30970017658D /* Products */ = {
			isa = PBXGroup;
			children = (
				3693DF1A152E30970017658D /* Delay.app */,
			);
			name = Products;
			sourceTree = "<group>";
		};
		3693DF1D152E30970017658D /* Frameworks */ = {
			isa = PBXGroup;
			children = (
				3693DF1E152E30970017658D /* UIKit.framework */,
				3693DF20152E30970017658D /* Foundation.framework */,
				3693DF22152E30970017658D /* CoreGraphics.framework */,
				3693DF24152E30970017658D /* CoreData.framework */,
			);
			name = Frameworks;
			sourceTree = "<group>";
		};
		3693DF26152E30970017658D /* Delay */ = {
			isa = PBXGroup;
			children = (
				3693DF2F152E30970017658D /* AppDelegate.h */,
				3693DF30152E30970017658D /* AppDelegate.m */,
				3693DF32152E30970017658D /* Delay.xcdatamodeld */,
				3693DF27152E30970017658D /* Supporting Files */,
			);
			path = Delay;
			sourceTree = "<group>";
		};
		3693DF27152E30970017658D /* Supporting Files */ = {
			isa = PBXGroup;
			children = (
				3693DF28152E30970017658D /* Delay-Info.plist */,
				3693DF29152E30970017658D /* InfoPlist.strings */,
				3693DF2C152E30970017658D /* main.m */,
				3693DF2E152E30970017658D /* Delay-Prefix.pch */,
			);
			name = "Supporting Files";
			sourceTree = "<group>";
		};
/* End PBXGroup section */

/* Begin PBXNativeTarget section */
		3693DF19152E30970017658D /* Delay */ = {
			isa = PBXNativeTarget;
			buildConfigurationList = 3693DF37152E30970017658D /* Build configuration list for PBXNativeTarget "Delay" */;
			buildPhases = (
				3693DF16152E30970017658D /* Sources */,
				3693DF17152E30970017658D /* Frameworks */,
				3693DF18152E30970017658D /* Resources */,
			);
			buildRules = (
			);
			dependencies = (
			);
			name = Delay;
			productName = Delay;
			productReference = 3693DF1A152E30970017658D /* Delay.app */;
			productType = "com.apple.product-type.application";
		};
/* End PBXNativeTarget section */

/* Begin PBXProject section */
		3693DF11152E30970017658D /* Project object */ = {
			isa = PBXProject;
			attributes = {
				LastUpgradeCheck = 0430;
				ORGANIZATIONNAME = "Tufts University";
			};
			buildConfigurationList = 3693DF14152E30970017658D /* Build configuration list for PBXProject "Delay" */;
			compatibilityVersion = "Xcode 3.2";
			developmentRegion = English;
			hasScannedForEncodings = 0;
			knownRegions = (
				en,
			);
			mainGroup = 3693DF0F152E30970017658D;
			productRefGroup = 3693DF1B152E30970017658D /* Products */;
			projectDirPath = "";
			projectRoot = "";
			targets = (
				3693DF19152E30970017658D /* Delay */,
			);
		};
/* End PBXProject section */

/* Begin PBXResourcesBuildPhase section */
		3693DF18152E30970017658D /* Resources */ = {
			isa = PBXResourcesBuildPhase;
			buildActionMask = 2147483647;
			files = (
				3693DF2B152E30970017658D /* InfoPlist.strings in Resources */,
			);
			runOnlyForDeploymentPostprocessing = 0;
		};
/* End PBXResourcesBuildPhase section */

/* Begin PBXSourcesBuildPhase section */
		3693DF16152E30970017658D /* Sources */ = {
			isa = PBXSourcesBuildPhase;
			buildActionMask = 2147483647;
			files = (
				3693DF2D152E30970017658D /* main.m in Sources */,
				3693DF31152E30970017658D /* AppDelegate.m in Sources */,
				3693DF34152E30970017658D /* Delay.xcdatamodeld in Sources */,
			);
			runOnlyForDeploymentPostprocessing = 0;
		};
/* End PBXSourcesBuildPhase section */

/* Begin PBXVariantGroup section */
		3693DF29152E30970017658D /* InfoPlist.strings */ = {
			isa = PBXVariantGroup;
			children = (
				3693DF2A152E30970017658D /* en */,
			);
			name = InfoPlist.strings;
			sourceTree = "<group>";
		};
/* End PBXVariantGroup section */

/* Begin XCBuildConfiguration section */
		3693DF35152E30970017658D /* Debug */ = {
			isa = XCBuildConfiguration;
			buildSettings = {
				ALWAYS_SEARCH_USER_PATHS = NO;
				ARCHS = "$(ARCHS_STANDARD_32_BIT)";
				CLANG_ENABLE_OBJC_ARC = YES;
				"CODE_SIGN_IDENTITY[sdk=iphoneos*]" = "iPhone Developer";
				COPY_PHASE_STRIP = NO;
				GCC_C_LANGUAGE_STANDARD = gnu99;
				GCC_DYNAMIC_NO_PIC = NO;
				GCC_OPTIMIZATION_LEVEL = 0;
				GCC_PREPROCESSOR_DEFINITIONS = (
					"DEBUG=1",
					"$(inherited)",
				);
				GCC_SYMBOLS_PRIVATE_EXTERN = NO;
				GCC_VERSION = com.apple.compilers.llvm.clang.1_0;
				GCC_WARN_ABOUT_RETURN_TYPE = YES;
				GCC_WARN_UNINITIALIZED_AUTOS = YES;
				GCC_WARN_UNUSED_VARIABLE = YES;
				IPHONEOS_DEPLOYMENT_TARGET = 5.1;
				SDKROOT = iphoneos;
				TARGETED_DEVICE_FAMILY = "1,2";
			};
			name = Debug;
		};
		3693DF36152E30970017658D /* Release */ = {
			isa = XCBuildConfiguration;
			buildSettings = {
				ALWAYS_SEARCH_USER_PATHS = NO;
				ARCHS = "$(ARCHS_STANDARD_32_BIT)";
				CLANG_ENABLE_OBJC_ARC = YES;
				"CODE_SIGN_IDENTITY[sdk=iphoneos*]" = "iPhone Developer";
				COPY_PHASE_STRIP = YES;
				GCC_C_LANGUAGE_STANDARD = gnu99;
				GCC_VERSION = com.apple.compilers.llvm.clang.1_0;
				GCC_WARN_ABOUT_RETURN_TYPE = YES;
				GCC_WARN_UNINITIALIZED_AUTOS = YES;
				GCC_WARN_UNUSED_VARIABLE = YES;
				IPHONEOS_DEPLOYMENT_TARGET = 5.1;
				OTHER_CFLAGS = "-DNS_BLOCK_ASSERTIONS=1";
				SDKROOT = iphoneos;
				TARGETED_DEVICE_FAMILY = "1,2";
				VALIDATE_PRODUCT = YES;
			};
			name = Release;
		};
		3693DF38152E30970017658D /* Debug */ = {
			isa = XCBuildConfiguration;
			buildSettings = {
				GCC_PRECOMPILE_PREFIX_HEADER = YES;
				GCC_PREFIX_HEADER = "Delay/Delay-Prefix.pch";
				INFOPLIST_FILE = "Delay/Delay-Info.plist";
				PRODUCT_NAME = "$(TARGET_NAME)";
				WRAPPER_EXTENSION = app;
			};
			name = Debug;
		};
		3693DF39152E30970017658D /* Release */ = {
			isa = XCBuildConfiguration;
			buildSettings = {
				GCC_PRECOMPILE_PREFIX_HEADER = YES;
				GCC_PREFIX_HEADER = "Delay/Delay-Prefix.pch";
				INFOPLIST_FILE = "Delay/Delay-Info.plist";
				PRODUCT_NAME = "$(TARGET_NAME)";
				WRAPPER_EXTENSION = app;
			};
			name = Release;
		};
/* End XCBuildConfiguration section */

/* Begin XCConfigurationList section */
		3693DF14152E30970017658D /* Build configuration list for PBXProject "Delay" */ = {
			isa = XCConfigurationList;
			buildConfigurations = (
				3693DF35152E30970017658D /* Debug */,
				3693DF36152E30970017658D /* Release */,
			);
			defaultConfigurationIsVisible = 0;
			defaultConfigurationName = Release;
		};
		3693DF37152E30970017658D /* Build configuration list for PBXNativeTarget "Delay" */ = {
			isa = XCConfigurationList;
			buildConfigurations = (
				3693DF38152E30970017658D /* Debug */,
				3693DF39152E30970017658D /* Release */,
			);
			defaultConfigurationIsVisible = 0;
		};
/* End XCConfigurationList section */

/* Begin XCVersionGroup section */
		3693DF32152E30970017658D /* Delay.xcdatamodeld */ = {
			isa = XCVersionGroup;
			children = (
				3693DF33152E30970017658D /* Delay.xcdatamodel */,
			);
			currentVersion = 3693DF33152E30970017658D /* Delay.xcdatamodel */;
			path = Delay.xcdatamodeld;
			sourceTree = "<group>";
			versionGroupType = wrapper.xcdatamodel;
		};
/* End XCVersionGroup section */
	};
	rootObject = 3693DF11152E30970017658D /* Project object */;
}
