// !$*UTF8*$!
{
	archiveVersion = 1;
	classes = {
	};
	objectVersion = 46;
	objects = {

/* Begin PBXBuildFile section */
		36A4B9351534B6CA002EFAAA /* UIKit.framework in Frameworks */ = {isa = PBXBuildFile; fileRef = 36A4B9341534B6CA002EFAAA /* UIKit.framework */; };
		36A4B9371534B6CA002EFAAA /* Foundation.framework in Frameworks */ = {isa = PBXBuildFile; fileRef = 36A4B9361534B6CA002EFAAA /* Foundation.framework */; };
		36A4B9391534B6CA002EFAAA /* CoreGraphics.framework in Frameworks */ = {isa = PBXBuildFile; fileRef = 36A4B9381534B6CA002EFAAA /* CoreGraphics.framework */; };
		36A4B93F1534B6CA002EFAAA /* InfoPlist.strings in Resources */ = {isa = PBXBuildFile; fileRef = 36A4B93D1534B6CA002EFAAA /* InfoPlist.strings */; };
		36A4B9411534B6CA002EFAAA /* main.m in Sources */ = {isa = PBXBuildFile; fileRef = 36A4B9401534B6CA002EFAAA /* main.m */; };
		36A4B9451534B6CA002EFAAA /* AppDelegate.m in Sources */ = {isa = PBXBuildFile; fileRef = 36A4B9441534B6CA002EFAAA /* AppDelegate.m */; };
		36A4B9481534B6CB002EFAAA /* MainStoryboard_iPhone.storyboard in Resources */ = {isa = PBXBuildFile; fileRef = 36A4B9461534B6CB002EFAAA /* MainStoryboard_iPhone.storyboard */; };
		36A4B94B1534B6CB002EFAAA /* MainStoryboard_iPad.storyboard in Resources */ = {isa = PBXBuildFile; fileRef = 36A4B9491534B6CB002EFAAA /* MainStoryboard_iPad.storyboard */; };
		36A4B94E1534B6CB002EFAAA /* ViewController.m in Sources */ = {isa = PBXBuildFile; fileRef = 36A4B94D1534B6CB002EFAAA /* ViewController.m */; };
/* End PBXBuildFile section */

/* Begin PBXFileReference section */
		36A4B9301534B6CA002EFAAA /* NestedViews.app */ = {isa = PBXFileReference; explicitFileType = wrapper.application; includeInIndex = 0; path = NestedViews.app; sourceTree = BUILT_PRODUCTS_DIR; };
		36A4B9341534B6CA002EFAAA /* UIKit.framework */ = {isa = PBXFileReference; lastKnownFileType = wrapper.framework; name = UIKit.framework; path = System/Library/Frameworks/UIKit.framework; sourceTree = SDKROOT; };
		36A4B9361534B6CA002EFAAA /* Foundation.framework */ = {isa = PBXFileReference; lastKnownFileType = wrapper.framework; name = Foundation.framework; path = System/Library/Frameworks/Foundation.framework; sourceTree = SDKROOT; };
		36A4B9381534B6CA002EFAAA /* CoreGraphics.framework */ = {isa = PBXFileReference; lastKnownFileType = wrapper.framework; name = CoreGraphics.framework; path = System/Library/Frameworks/CoreGraphics.framework; sourceTree = SDKROOT; };
		36A4B93C1534B6CA002EFAAA /* NestedViews-Info.plist */ = {isa = PBXFileReference; path = "NestedViews-Info.plist"; sourceTree = "<group>"; };
		36A4B93E1534B6CA002EFAAA /* en */ = {isa = PBXFileReference; lastKnownFileType = text.plist.strings; name = en; path = en.lproj/InfoPlist.strings; sourceTree = "<group>"; };
		36A4B9401534B6CA002EFAAA /* main.m */ = {isa = PBXFileReference; lastKnownFileType = sourcecode.c.objc; path = main.m; sourceTree = "<group>"; };
		36A4B9421534B6CA002EFAAA /* NestedViews-Prefix.pch */ = {isa = PBXFileReference; path = "NestedViews-Prefix.pch"; sourceTree = "<group>"; };
		36A4B9431534B6CA002EFAAA /* AppDelegate.h */ = {isa = PBXFileReference; path = AppDelegate.h; sourceTree = "<group>"; };
		36A4B9441534B6CA002EFAAA /* AppDelegate.m */ = {isa = PBXFileReference; lastKnownFileType = sourcecode.c.objc; path = AppDelegate.m; sourceTree = "<group>"; };
		36A4B9471534B6CB002EFAAA /* en */ = {isa = PBXFileReference; lastKnownFileType = file.storyboard; name = en; path = en.lproj/MainStoryboard_iPhone.storyboard; sourceTree = "<group>"; };
		36A4B94A1534B6CB002EFAAA /* en */ = {isa = PBXFileReference; lastKnownFileType = file.storyboard; name = en; path = en.lproj/MainStoryboard_iPad.storyboard; sourceTree = "<group>"; };
		36A4B94C1534B6CB002EFAAA /* ViewController.h */ = {isa = PBXFileReference; path = ViewController.h; sourceTree = "<group>"; };
		36A4B94D1534B6CB002EFAAA /* ViewController.m */ = {isa = PBXFileReference; lastKnownFileType = sourcecode.c.objc; path = ViewController.m; sourceTree = "<group>"; };
/* End PBXFileReference section */

/* Begin PBXFrameworksBuildPhase section */
		36A4B92D1534B6CA002EFAAA /* Frameworks */ = {
			isa = PBXFrameworksBuildPhase;
			buildActionMask = 2147483647;
			files = (
				36A4B9351534B6CA002EFAAA /* UIKit.framework in Frameworks */,
				36A4B9371534B6CA002EFAAA /* Foundation.framework in Frameworks */,
				36A4B9391534B6CA002EFAAA /* CoreGraphics.framework in Frameworks */,
			);
			runOnlyForDeploymentPostprocessing = 0;
		};
/* End PBXFrameworksBuildPhase section */

/* Begin PBXGroup section */
		36A4B9251534B6CA002EFAAA = {
			isa = PBXGroup;
			children = (
				36A4B93A1534B6CA002EFAAA /* NestedViews */,
				36A4B9331534B6CA002EFAAA /* Frameworks */,
				36A4B9311534B6CA002EFAAA /* Products */,
			);
			sourceTree = "<group>";
		};
		36A4B9311534B6CA002EFAAA /* Products */ = {
			isa = PBXGroup;
			children = (
				36A4B9301534B6CA002EFAAA /* NestedViews.app */,
			);
			name = Products;
			sourceTree = "<group>";
		};
		36A4B9331534B6CA002EFAAA /* Frameworks */ = {
			isa = PBXGroup;
			children = (
				36A4B9341534B6CA002EFAAA /* UIKit.framework */,
				36A4B9361534B6CA002EFAAA /* Foundation.framework */,
				36A4B9381534B6CA002EFAAA /* CoreGraphics.framework */,
			);
			name = Frameworks;
			sourceTree = "<group>";
		};
		36A4B93A1534B6CA002EFAAA /* NestedViews */ = {
			isa = PBXGroup;
			children = (
				36A4B9431534B6CA002EFAAA /* AppDelegate.h */,
				36A4B9441534B6CA002EFAAA /* AppDelegate.m */,
				36A4B9461534B6CB002EFAAA /* MainStoryboard_iPhone.storyboard */,
				36A4B9491534B6CB002EFAAA /* MainStoryboard_iPad.storyboard */,
				36A4B94C1534B6CB002EFAAA /* ViewController.h */,
				36A4B94D1534B6CB002EFAAA /* ViewController.m */,
				36A4B93B1534B6CA002EFAAA /* Supporting Files */,
			);
			path = NestedViews;
			sourceTree = "<group>";
		};
		36A4B93B1534B6CA002EFAAA /* Supporting Files */ = {
			isa = PBXGroup;
			children = (
				36A4B93C1534B6CA002EFAAA /* NestedViews-Info.plist */,
				36A4B93D1534B6CA002EFAAA /* InfoPlist.strings */,
				36A4B9401534B6CA002EFAAA /* main.m */,
				36A4B9421534B6CA002EFAAA /* NestedViews-Prefix.pch */,
			);
			name = "Supporting Files";
			sourceTree = "<group>";
		};
/* End PBXGroup section */

/* Begin PBXNativeTarget section */
		36A4B92F1534B6CA002EFAAA /* NestedViews */ = {
			isa = PBXNativeTarget;
			buildConfigurationList = 36A4B9511534B6CB002EFAAA /* Build configuration list for PBXNativeTarget "NestedViews" */;
			buildPhases = (
				36A4B92C1534B6CA002EFAAA /* Sources */,
				36A4B92D1534B6CA002EFAAA /* Frameworks */,
				36A4B92E1534B6CA002EFAAA /* Resources */,
			);
			buildRules = (
			);
			dependencies = (
			);
			name = NestedViews;
			productName = NestedViews;
			productReference = 36A4B9301534B6CA002EFAAA /* NestedViews.app */;
			productType = "com.apple.product-type.application";
		};
/* End PBXNativeTarget section */

/* Begin PBXProject section */
		36A4B9271534B6CA002EFAAA /* Project object */ = {
			isa = PBXProject;
			attributes = {
				LastUpgradeCheck = 0430;
				ORGANIZATIONNAME = "Tufts University";
			};
			buildConfigurationList = 36A4B92A1534B6CA002EFAAA /* Build configuration list for PBXProject "NestedViews" */;
			compatibilityVersion = "Xcode 3.2";
			developmentRegion = English;
			hasScannedForEncodings = 0;
			knownRegions = (
				en,
			);
			mainGroup = 36A4B9251534B6CA002EFAAA;
			productRefGroup = 36A4B9311534B6CA002EFAAA /* Products */;
			projectDirPath = "";
			projectRoot = "";
			targets = (
				36A4B92F1534B6CA002EFAAA /* NestedViews */,
			);
		};
/* End PBXProject section */

/* Begin PBXResourcesBuildPhase section */
		36A4B92E1534B6CA002EFAAA /* Resources */ = {
			isa = PBXResourcesBuildPhase;
			buildActionMask = 2147483647;
			files = (
				36A4B93F1534B6CA002EFAAA /* InfoPlist.strings in Resources */,
				36A4B9481534B6CB002EFAAA /* MainStoryboard_iPhone.storyboard in Resources */,
				36A4B94B1534B6CB002EFAAA /* MainStoryboard_iPad.storyboard in Resources */,
			);
			runOnlyForDeploymentPostprocessing = 0;
		};
/* End PBXResourcesBuildPhase section */

/* Begin PBXSourcesBuildPhase section */
		36A4B92C1534B6CA002EFAAA /* Sources */ = {
			isa = PBXSourcesBuildPhase;
			buildActionMask = 2147483647;
			files = (
				36A4B9411534B6CA002EFAAA /* main.m in Sources */,
				36A4B9451534B6CA002EFAAA /* AppDelegate.m in Sources */,
				36A4B94E1534B6CB002EFAAA /* ViewController.m in Sources */,
			);
			runOnlyForDeploymentPostprocessing = 0;
		};
/* End PBXSourcesBuildPhase section */

/* Begin PBXVariantGroup section */
		36A4B93D1534B6CA002EFAAA /* InfoPlist.strings */ = {
			isa = PBXVariantGroup;
			children = (
				36A4B93E1534B6CA002EFAAA /* en */,
			);
			name = InfoPlist.strings;
			sourceTree = "<group>";
		};
		36A4B9461534B6CB002EFAAA /* MainStoryboard_iPhone.storyboard */ = {
			isa = PBXVariantGroup;
			children = (
				36A4B9471534B6CB002EFAAA /* en */,
			);
			name = MainStoryboard_iPhone.storyboard;
			sourceTree = "<group>";
		};
		36A4B9491534B6CB002EFAAA /* MainStoryboard_iPad.storyboard */ = {
			isa = PBXVariantGroup;
			children = (
				36A4B94A1534B6CB002EFAAA /* en */,
			);
			name = MainStoryboard_iPad.storyboard;
			sourceTree = "<group>";
		};
/* End PBXVariantGroup section */

/* Begin XCBuildConfiguration section */
		36A4B94F1534B6CB002EFAAA /* Debug */ = {
			isa = XCBuildConfiguration;
			buildSettings = {
				ALWAYS_SEARCH_USER_PATHS = NO;
				ARCHS = "$(ARCHS_STANDARD_32_BIT)";
				CLANG_ENABLE_OBJC_ARC = YES;
				"CODE_SIGN_IDENTITY[sdk=iphoneos*]" = "iPhone Developer";
				COPY_PHASE_STRIP = NO;
				GCC_C_LANGUAGE_STANDARD = gnu99;
				GCC_DYNAMIC_NO_PIC = NO;
				GCC_OPTIMIZATION_LEVEL = 0;
				GCC_PREPROCESSOR_DEFINITIONS = (
					"DEBUG=1",
					"$(inherited)",
				);
				GCC_SYMBOLS_PRIVATE_EXTERN = NO;
				GCC_VERSION = com.apple.compilers.llvm.clang.1_0;
				GCC_WARN_ABOUT_RETURN_TYPE = YES;
				GCC_WARN_UNINITIALIZED_AUTOS = YES;
				GCC_WARN_UNUSED_VARIABLE = YES;
				IPHONEOS_DEPLOYMENT_TARGET = 5.1;
				SDKROOT = iphoneos;
				TARGETED_DEVICE_FAMILY = "1,2";
			};
			name = Debug;
		};
		36A4B9501534B6CB002EFAAA /* Release */ = {
			isa = XCBuildConfiguration;
			buildSettings = {
				ALWAYS_SEARCH_USER_PATHS = NO;
				ARCHS = "$(ARCHS_STANDARD_32_BIT)";
				CLANG_ENABLE_OBJC_ARC = YES;
				"CODE_SIGN_IDENTITY[sdk=iphoneos*]" = "iPhone Developer";
				COPY_PHASE_STRIP = YES;
				GCC_C_LANGUAGE_STANDARD = gnu99;
				GCC_VERSION = com.apple.compilers.llvm.clang.1_0;
				GCC_WARN_ABOUT_RETURN_TYPE = YES;
				GCC_WARN_UNINITIALIZED_AUTOS = YES;
				GCC_WARN_UNUSED_VARIABLE = YES;
				IPHONEOS_DEPLOYMENT_TARGET = 5.1;
				OTHER_CFLAGS = "-DNS_BLOCK_ASSERTIONS=1";
				SDKROOT = iphoneos;
				TARGETED_DEVICE_FAMILY = "1,2";
				VALIDATE_PRODUCT = YES;
			};
			name = Release;
		};
		36A4B9521534B6CB002EFAAA /* Debug */ = {
			isa = XCBuildConfiguration;
			buildSettings = {
				GCC_PRECOMPILE_PREFIX_HEADER = YES;
				GCC_PREFIX_HEADER = "NestedViews/NestedViews-Prefix.pch";
				INFOPLIST_FILE = "NestedViews/NestedViews-Info.plist";
				PRODUCT_NAME = "$(TARGET_NAME)";
				WRAPPER_EXTENSION = app;
			};
			name = Debug;
		};
		36A4B9531534B6CB002EFAAA /* Release */ = {
			isa = XCBuildConfiguration;
			buildSettings = {
				GCC_PRECOMPILE_PREFIX_HEADER = YES;
				GCC_PREFIX_HEADER = "NestedViews/NestedViews-Prefix.pch";
				INFOPLIST_FILE = "NestedViews/NestedViews-Info.plist";
				PRODUCT_NAME = "$(TARGET_NAME)";
				WRAPPER_EXTENSION = app;
			};
			name = Release;
		};
/* End XCBuildConfiguration section */

/* Begin XCConfigurationList section */
		36A4B92A1534B6CA002EFAAA /* Build configuration list for PBXProject "NestedViews" */ = {
			isa = XCConfigurationList;
			buildConfigurations = (
				36A4B94F1534B6CB002EFAAA /* Debug */,
				36A4B9501534B6CB002EFAAA /* Release */,
			);
			defaultConfigurationIsVisible = 0;
			defaultConfigurationName = Release;
		};
		36A4B9511534B6CB002EFAAA /* Build configuration list for PBXNativeTarget "NestedViews" */ = {
			isa = XCConfigurationList;
			buildConfigurations = (
				36A4B9521534B6CB002EFAAA /* Debug */,
				36A4B9531534B6CB002EFAAA /* Release */,
			);
			defaultConfigurationIsVisible = 0;
		};
/* End XCConfigurationList section */
	};
	rootObject = 36A4B9271534B6CA002EFAAA /* Project object */;
}
