// !$*UTF8*$!
{
	archiveVersion = 1;
	classes = {
	};
	objectVersion = 46;
	objects = {

/* Begin PBXBuildFile section */
		36CFF12914BE82200021BF8C /* UIKit.framework in Frameworks */ = {isa = PBXBuildFile; fileRef = 36CFF12814BE82200021BF8C /* UIKit.framework */; };
		36CFF12B14BE82200021BF8C /* Foundation.framework in Frameworks */ = {isa = PBXBuildFile; fileRef = 36CFF12A14BE82200021BF8C /* Foundation.framework */; };
		36CFF12D14BE82200021BF8C /* CoreGraphics.framework in Frameworks */ = {isa = PBXBuildFile; fileRef = 36CFF12C14BE82200021BF8C /* CoreGraphics.framework */; };
		36CFF13314BE82200021BF8C /* InfoPlist.strings in Resources */ = {isa = PBXBuildFile; fileRef = 36CFF13114BE82200021BF8C /* InfoPlist.strings */; };
		36CFF13514BE82200021BF8C /* main.m in Sources */ = {isa = PBXBuildFile; fileRef = 36CFF13414BE82200021BF8C /* main.m */; };
		36CFF13914BE82200021BF8C /* AppDelegate.m in Sources */ = {isa = PBXBuildFile; fileRef = 36CFF13814BE82200021BF8C /* AppDelegate.m */; };
		36CFF13C14BE82200021BF8C /* MainStoryboard_iPhone.storyboard in Resources */ = {isa = PBXBuildFile; fileRef = 36CFF13A14BE82200021BF8C /* MainStoryboard_iPhone.storyboard */; };
		36CFF13F14BE82200021BF8C /* MainStoryboard_iPad.storyboard in Resources */ = {isa = PBXBuildFile; fileRef = 36CFF13D14BE82200021BF8C /* MainStoryboard_iPad.storyboard */; };
		36CFF14214BE82200021BF8C /* ViewController.m in Sources */ = {isa = PBXBuildFile; fileRef = 36CFF14114BE82200021BF8C /* ViewController.m */; };
/* End PBXBuildFile section */

/* Begin PBXFileReference section */
		36CFF12414BE82200021BF8C /* PostMessageApp.app */ = {isa = PBXFileReference; explicitFileType = wrapper.application; includeInIndex = 0; path = PostMessageApp.app; sourceTree = BUILT_PRODUCTS_DIR; };
		36CFF12814BE82200021BF8C /* UIKit.framework */ = {isa = PBXFileReference; lastKnownFileType = wrapper.framework; name = UIKit.framework; path = System/Library/Frameworks/UIKit.framework; sourceTree = SDKROOT; };
		36CFF12A14BE82200021BF8C /* Foundation.framework */ = {isa = PBXFileReference; lastKnownFileType = wrapper.framework; name = Foundation.framework; path = System/Library/Frameworks/Foundation.framework; sourceTree = SDKROOT; };
		36CFF12C14BE82200021BF8C /* CoreGraphics.framework */ = {isa = PBXFileReference; lastKnownFileType = wrapper.framework; name = CoreGraphics.framework; path = System/Library/Frameworks/CoreGraphics.framework; sourceTree = SDKROOT; };
		36CFF13014BE82200021BF8C /* PostMessageApp-Info.plist */ = {isa = PBXFileReference; lastKnownFileType = text.plist.xml; path = "PostMessageApp-Info.plist"; sourceTree = "<group>"; };
		36CFF13214BE82200021BF8C /* en */ = {isa = PBXFileReference; lastKnownFileType = text.plist.strings; name = en; path = en.lproj/InfoPlist.strings; sourceTree = "<group>"; };
		36CFF13414BE82200021BF8C /* main.m */ = {isa = PBXFileReference; lastKnownFileType = sourcecode.c.objc; path = main.m; sourceTree = "<group>"; };
		36CFF13614BE82200021BF8C /* PostMessageApp-Prefix.pch */ = {isa = PBXFileReference; lastKnownFileType = sourcecode.c.h; path = "PostMessageApp-Prefix.pch"; sourceTree = "<group>"; };
		36CFF13714BE82200021BF8C /* AppDelegate.h */ = {isa = PBXFileReference; lastKnownFileType = sourcecode.c.h; path = AppDelegate.h; sourceTree = "<group>"; };
		36CFF13814BE82200021BF8C /* AppDelegate.m */ = {isa = PBXFileReference; lastKnownFileType = sourcecode.c.objc; path = AppDelegate.m; sourceTree = "<group>"; };
		36CFF13B14BE82200021BF8C /* en */ = {isa = PBXFileReference; lastKnownFileType = file.storyboard; name = en; path = en.lproj/MainStoryboard_iPhone.storyboard; sourceTree = "<group>"; };
		36CFF13E14BE82200021BF8C /* en */ = {isa = PBXFileReference; lastKnownFileType = file.storyboard; name = en; path = en.lproj/MainStoryboard_iPad.storyboard; sourceTree = "<group>"; };
		36CFF14014BE82200021BF8C /* ViewController.h */ = {isa = PBXFileReference; lastKnownFileType = sourcecode.c.h; path = ViewController.h; sourceTree = "<group>"; };
		36CFF14114BE82200021BF8C /* ViewController.m */ = {isa = PBXFileReference; lastKnownFileType = sourcecode.c.objc; path = ViewController.m; sourceTree = "<group>"; };
/* End PBXFileReference section */

/* Begin PBXFrameworksBuildPhase section */
		36CFF12114BE82200021BF8C /* Frameworks */ = {
			isa = PBXFrameworksBuildPhase;
			buildActionMask = 2147483647;
			files = (
				36CFF12914BE82200021BF8C /* UIKit.framework in Frameworks */,
				36CFF12B14BE82200021BF8C /* Foundation.framework in Frameworks */,
				36CFF12D14BE82200021BF8C /* CoreGraphics.framework in Frameworks */,
			);
			runOnlyForDeploymentPostprocessing = 0;
		};
/* End PBXFrameworksBuildPhase section */

/* Begin PBXGroup section */
		36CFF11914BE82200021BF8C = {
			isa = PBXGroup;
			children = (
				36CFF12E14BE82200021BF8C /* PostMessageApp */,
				36CFF12714BE82200021BF8C /* Frameworks */,
				36CFF12514BE82200021BF8C /* Products */,
			);
			sourceTree = "<group>";
		};
		36CFF12514BE82200021BF8C /* Products */ = {
			isa = PBXGroup;
			children = (
				36CFF12414BE82200021BF8C /* PostMessageApp.app */,
			);
			name = Products;
			sourceTree = "<group>";
		};
		36CFF12714BE82200021BF8C /* Frameworks */ = {
			isa = PBXGroup;
			children = (
				36CFF12814BE82200021BF8C /* UIKit.framework */,
				36CFF12A14BE82200021BF8C /* Foundation.framework */,
				36CFF12C14BE82200021BF8C /* CoreGraphics.framework */,
			);
			name = Frameworks;
			sourceTree = "<group>";
		};
		36CFF12E14BE82200021BF8C /* PostMessageApp */ = {
			isa = PBXGroup;
			children = (
				36CFF13714BE82200021BF8C /* AppDelegate.h */,
				36CFF13814BE82200021BF8C /* AppDelegate.m */,
				36CFF13A14BE82200021BF8C /* MainStoryboard_iPhone.storyboard */,
				36CFF13D14BE82200021BF8C /* MainStoryboard_iPad.storyboard */,
				36CFF14014BE82200021BF8C /* ViewController.h */,
				36CFF14114BE82200021BF8C /* ViewController.m */,
				36CFF12F14BE82200021BF8C /* Supporting Files */,
			);
			path = PostMessageApp;
			sourceTree = "<group>";
		};
		36CFF12F14BE82200021BF8C /* Supporting Files */ = {
			isa = PBXGroup;
			children = (
				36CFF13014BE82200021BF8C /* PostMessageApp-Info.plist */,
				36CFF13114BE82200021BF8C /* InfoPlist.strings */,
				36CFF13414BE82200021BF8C /* main.m */,
				36CFF13614BE82200021BF8C /* PostMessageApp-Prefix.pch */,
			);
			name = "Supporting Files";
			sourceTree = "<group>";
		};
/* End PBXGroup section */

/* Begin PBXNativeTarget section */
		36CFF12314BE82200021BF8C /* PostMessageApp */ = {
			isa = PBXNativeTarget;
			buildConfigurationList = 36CFF14514BE82200021BF8C /* Build configuration list for PBXNativeTarget "PostMessageApp" */;
			buildPhases = (
				36CFF12014BE82200021BF8C /* Sources */,
				36CFF12114BE82200021BF8C /* Frameworks */,
				36CFF12214BE82200021BF8C /* Resources */,
			);
			buildRules = (
			);
			dependencies = (
			);
			name = PostMessageApp;
			productName = PostMessageApp;
			productReference = 36CFF12414BE82200021BF8C /* PostMessageApp.app */;
			productType = "com.apple.product-type.application";
		};
/* End PBXNativeTarget section */

/* Begin PBXProject section */
		36CFF11B14BE82200021BF8C /* Project object */ = {
			isa = PBXProject;
			attributes = {
				LastUpgradeCheck = 0420;
				ORGANIZATIONNAME = "Tufts University";
			};
			buildConfigurationList = 36CFF11E14BE82200021BF8C /* Build configuration list for PBXProject "PostMessageApp" */;
			compatibilityVersion = "Xcode 3.2";
			developmentRegion = English;
			hasScannedForEncodings = 0;
			knownRegions = (
				en,
			);
			mainGroup = 36CFF11914BE82200021BF8C;
			productRefGroup = 36CFF12514BE82200021BF8C /* Products */;
			projectDirPath = "";
			projectRoot = "";
			targets = (
				36CFF12314BE82200021BF8C /* PostMessageApp */,
			);
		};
/* End PBXProject section */

/* Begin PBXResourcesBuildPhase section */
		36CFF12214BE82200021BF8C /* Resources */ = {
			isa = PBXResourcesBuildPhase;
			buildActionMask = 2147483647;
			files = (
				36CFF13314BE82200021BF8C /* InfoPlist.strings in Resources */,
				36CFF13C14BE82200021BF8C /* MainStoryboard_iPhone.storyboard in Resources */,
				36CFF13F14BE82200021BF8C /* MainStoryboard_iPad.storyboard in Resources */,
			);
			runOnlyForDeploymentPostprocessing = 0;
		};
/* End PBXResourcesBuildPhase section */

/* Begin PBXSourcesBuildPhase section */
		36CFF12014BE82200021BF8C /* Sources */ = {
			isa = PBXSourcesBuildPhase;
			buildActionMask = 2147483647;
			files = (
				36CFF13514BE82200021BF8C /* main.m in Sources */,
				36CFF13914BE82200021BF8C /* AppDelegate.m in Sources */,
				36CFF14214BE82200021BF8C /* ViewController.m in Sources */,
			);
			runOnlyForDeploymentPostprocessing = 0;
		};
/* End PBXSourcesBuildPhase section */

/* Begin PBXVariantGroup section */
		36CFF13114BE82200021BF8C /* InfoPlist.strings */ = {
			isa = PBXVariantGroup;
			children = (
				36CFF13214BE82200021BF8C /* en */,
			);
			name = InfoPlist.strings;
			sourceTree = "<group>";
		};
		36CFF13A14BE82200021BF8C /* MainStoryboard_iPhone.storyboard */ = {
			isa = PBXVariantGroup;
			children = (
				36CFF13B14BE82200021BF8C /* en */,
			);
			name = MainStoryboard_iPhone.storyboard;
			sourceTree = "<group>";
		};
		36CFF13D14BE82200021BF8C /* MainStoryboard_iPad.storyboard */ = {
			isa = PBXVariantGroup;
			children = (
				36CFF13E14BE82200021BF8C /* en */,
			);
			name = MainStoryboard_iPad.storyboard;
			sourceTree = "<group>";
		};
/* End PBXVariantGroup section */

/* Begin XCBuildConfiguration section */
		36CFF14314BE82200021BF8C /* Debug */ = {
			isa = XCBuildConfiguration;
			buildSettings = {
				ALWAYS_SEARCH_USER_PATHS = NO;
				ARCHS = "$(ARCHS_STANDARD_32_BIT)";
				CLANG_ENABLE_OBJC_ARC = YES;
				"CODE_SIGN_IDENTITY[sdk=iphoneos*]" = "iPhone Developer";
				COPY_PHASE_STRIP = NO;
				GCC_C_LANGUAGE_STANDARD = gnu99;
				GCC_DYNAMIC_NO_PIC = NO;
				GCC_OPTIMIZATION_LEVEL = 0;
				GCC_PREPROCESSOR_DEFINITIONS = (
					"DEBUG=1",
					"$(inherited)",
				);
				GCC_SYMBOLS_PRIVATE_EXTERN = NO;
				GCC_VERSION = com.apple.compilers.llvm.clang.1_0;
				GCC_WARN_ABOUT_MISSING_PROTOTYPES = YES;
				GCC_WARN_ABOUT_RETURN_TYPE = YES;
				GCC_WARN_UNUSED_VARIABLE = YES;
				IPHONEOS_DEPLOYMENT_TARGET = 5.0;
				SDKROOT = iphoneos;
				TARGETED_DEVICE_FAMILY = "1,2";
			};
			name = Debug;
		};
		36CFF14414BE82200021BF8C /* Release */ = {
			isa = XCBuildConfiguration;
			buildSettings = {
				ALWAYS_SEARCH_USER_PATHS = NO;
				ARCHS = "$(ARCHS_STANDARD_32_BIT)";
				CLANG_ENABLE_OBJC_ARC = YES;
				"CODE_SIGN_IDENTITY[sdk=iphoneos*]" = "iPhone Developer";
				COPY_PHASE_STRIP = YES;
				GCC_C_LANGUAGE_STANDARD = gnu99;
				GCC_VERSION = com.apple.compilers.llvm.clang.1_0;
				GCC_WARN_ABOUT_MISSING_PROTOTYPES = YES;
				GCC_WARN_ABOUT_RETURN_TYPE = YES;
				GCC_WARN_UNUSED_VARIABLE = YES;
				IPHONEOS_DEPLOYMENT_TARGET = 5.0;
				OTHER_CFLAGS = "-DNS_BLOCK_ASSERTIONS=1";
				SDKROOT = iphoneos;
				TARGETED_DEVICE_FAMILY = "1,2";
				VALIDATE_PRODUCT = YES;
			};
			name = Release;
		};
		36CFF14614BE82200021BF8C /* Debug */ = {
			isa = XCBuildConfiguration;
			buildSettings = {
				GCC_PRECOMPILE_PREFIX_HEADER = YES;
				GCC_PREFIX_HEADER = "PostMessageApp/PostMessageApp-Prefix.pch";
				INFOPLIST_FILE = "PostMessageApp/PostMessageApp-Info.plist";
				PRODUCT_NAME = "$(TARGET_NAME)";
				WRAPPER_EXTENSION = app;
			};
			name = Debug;
		};
		36CFF14714BE82200021BF8C /* Release */ = {
			isa = XCBuildConfiguration;
			buildSettings = {
				GCC_PRECOMPILE_PREFIX_HEADER = YES;
				GCC_PREFIX_HEADER = "PostMessageApp/PostMessageApp-Prefix.pch";
				INFOPLIST_FILE = "PostMessageApp/PostMessageApp-Info.plist";
				PRODUCT_NAME = "$(TARGET_NAME)";
				WRAPPER_EXTENSION = app;
			};
			name = Release;
		};
/* End XCBuildConfiguration section */

/* Begin XCConfigurationList section */
		36CFF11E14BE82200021BF8C /* Build configuration list for PBXProject "PostMessageApp" */ = {
			isa = XCConfigurationList;
			buildConfigurations = (
				36CFF14314BE82200021BF8C /* Debug */,
				36CFF14414BE82200021BF8C /* Release */,
			);
			defaultConfigurationIsVisible = 0;
			defaultConfigurationName = Release;
		};
		36CFF14514BE82200021BF8C /* Build configuration list for PBXNativeTarget "PostMessageApp" */ = {
			isa = XCConfigurationList;
			buildConfigurations = (
				36CFF14614BE82200021BF8C /* Debug */,
				36CFF14714BE82200021BF8C /* Release */,
			);
			defaultConfigurationIsVisible = 0;
		};
/* End XCConfigurationList section */
	};
	rootObject = 36CFF11B14BE82200021BF8C /* Project object */;
}
